
Microsoft Visual Studio Solution File, Format Version 12.00
# Visual Studio Version 17
VisualStudioVersion = 17.0.32014.148
MinimumVisualStudioVersion = 10.0.40219.1
Project("{FAE04EC0-301F-11D3-BF4B-00C04F79EFBC}") = "JwtAuthentication", "JwtAuthentication\JwtAuthentication.csproj", "{73949762-460E-4CC5-811A-CDB3E0610FDF}"
EndProject
Global
	GlobalSection(SolutionConfigurationPlatforms) = preSolution
		Debug|Any CPU = Debug|Any CPU
		Release|Any CPU = Release|Any CPU
	EndGlobalSection
	GlobalSection(ProjectConfigurationPlatforms) = postSolution
		{73949762-460E-4CC5-811A-CDB3E0610FDF}.Debug|Any CPU.ActiveCfg = Debug|Any CPU
		{73949762-460E-4CC5-811A-CDB3E0610FDF}.Debug|Any CPU.Build.0 = Debug|Any CPU
		{73949762-460E-4CC5-811A-CDB3E0610FDF}.Release|Any CPU.ActiveCfg = Release|Any CPU
		{73949762-460E-4CC5-811A-CDB3E0610FDF}.Release|Any CPU.Build.0 = Release|Any CPU
	EndGlobalSection
	GlobalSection(SolutionProperties) = preSolution
		HideSolutionNode = FALSE
	EndGlobalSection
	GlobalSection(ExtensibilityGlobals) = postSolution
		SolutionGuid = {2801FCCB-6E25-4179-83A4-A307C03BDC84}
	EndGlobalSection
EndGlobal
